// !$*UTF8*$!
{
	archiveVersion = 1;
	classes = {
	};
	objectVersion = 46;
	objects = {

/* Begin PBXBuildFile section */
		5A3F5011F0221C3F90701A01 /* SJVacancyFacadeSpec.m in Sources */ = {isa = PBXBuildFile; fileRef = 5A3F580065E958913C10EA7F /* SJVacancyFacadeSpec.m */; };
		5A3F501AB1BE63E4D54809F2 /* SJCityModelSpec.m in Sources */ = {isa = PBXBuildFile; fileRef = 5A3F5C92C284EE0E78C91A6F /* SJCityModelSpec.m */; };
		5A3F5057D37573BC0F86ECC6 /* NSError+SJError.m in Sources */ = {isa = PBXBuildFile; fileRef = 5A3F55926B905BB9EE755EF0 /* NSError+SJError.m */; };
		5A3F505D4276128EDB60CEB2 /* vacancies.2.json in Resources */ = {isa = PBXBuildFile; fileRef = 5A3F5597570994242B606A0B /* vacancies.2.json */; };
		5A3F50875D1D879DFDFF7459 /* SJAPIAdapterSpec.m in Sources */ = {isa = PBXBuildFile; fileRef = 5A3F52E95CEF41616E6EC3DA /* SJAPIAdapterSpec.m */; };
		5A3F509A41A3AB9F5B1398B3 /* SJVacancyViewItem.m in Sources */ = {isa = PBXBuildFile; fileRef = 5A3F538DA401C069DAB59D42 /* SJVacancyViewItem.m */; };
		5A3F50A0F15CFEEDE8A3D71D /* API.m in Sources */ = {isa = PBXBuildFile; fileRef = 5A3F55A0AD02F46392B881D5 /* API.m */; };
		5A3F50C9909E6D0D1F0AB96B /* SJCityModel.m in Sources */ = {isa = PBXBuildFile; fileRef = 5A3F5BAAC6C1A4AFBDF26F6A /* SJCityModel.m */; };
		5A3F5131D9543D9E6649EED8 /* vacancies.0.json in Resources */ = {isa = PBXBuildFile; fileRef = 5A3F526F7ED20957F209E8CD /* vacancies.0.json */; };
		5A3F51AA0D2A31E295EADDAC /* SJVacancyViewSection.m in Sources */ = {isa = PBXBuildFile; fileRef = 5A3F5C636C5B8B6BE07346A8 /* SJVacancyViewSection.m */; };
		5A3F5251EE273DBE8818FF43 /* vacancy.json in Resources */ = {isa = PBXBuildFile; fileRef = 5A3F5880D1D62103E866607F /* vacancy.json */; };
		5A3F5264523906FA4924D739 /* vacancies.4.json in Resources */ = {isa = PBXBuildFile; fileRef = 5A3F5F41B5195172612C04E9 /* vacancies.4.json */; };
		5A3F574A1CD72093B10075AD /* vacancies.1.json in Resources */ = {isa = PBXBuildFile; fileRef = 5A3F5CD703CD4E7DC3C7053A /* vacancies.1.json */; };
		5A3F57750A5C48667B0077C4 /* SJVacancyModelSpec.m in Sources */ = {isa = PBXBuildFile; fileRef = 5A3F5522330DA9E588BD6CC0 /* SJVacancyModelSpec.m */; };
		5A3F57B9DB2BB30D850FFD54 /* SJVacancyModel.m in Sources */ = {isa = PBXBuildFile; fileRef = 5A3F5C330E2DF2F37DD2B42B /* SJVacancyModel.m */; };
		5A3F57EFC124623C9CC4DF36 /* SJPluralHelper.m in Sources */ = {isa = PBXBuildFile; fileRef = 5A3F522BA8DF5588DEA19C9D /* SJPluralHelper.m */; };
		5A3F5824173C10B6250FDB7F /* vacancies.3.json in Resources */ = {isa = PBXBuildFile; fileRef = 5A3F57D24707B9EC1363E14E /* vacancies.3.json */; };
		5A3F58DDCA8ED9C2CC1FE050 /* SJVacancyFacade.m in Sources */ = {isa = PBXBuildFile; fileRef = 5A3F5DFD40136170F6B4212A /* SJVacancyFacade.m */; };
		5A3F599AFAA1C24BDE51DA04 /* SJVacancyViewModel.m in Sources */ = {isa = PBXBuildFile; fileRef = 5A3F5088C25D7090003A37BE /* SJVacancyViewModel.m */; };
		5A3F5A9A79C33497D9964212 /* vacancies.1.json in Resources */ = {isa = PBXBuildFile; fileRef = 5A3F5CD703CD4E7DC3C7053A /* vacancies.1.json */; };
		5A3F5B478DF75AB572CBC65C /* vacancies.0.json in Resources */ = {isa = PBXBuildFile; fileRef = 5A3F526F7ED20957F209E8CD /* vacancies.0.json */; };
		5A3F5B838A40A33EB2E67F98 /* FakeAPI.m in Sources */ = {isa = PBXBuildFile; fileRef = 5A3F5E2CB440372410E4D04B /* FakeAPI.m */; };
		5A3F5E4C376765D59EC3C0B0 /* SJAPIAdapter.m in Sources */ = {isa = PBXBuildFile; fileRef = 5A3F58C65B55784C4596F692 /* SJAPIAdapter.m */; };
		5A3F5E882FEC8363F3B15D22 /* SJVacancyViewModelSpec.m in Sources */ = {isa = PBXBuildFile; fileRef = 5A3F5DEFE1C56A2F7C689456 /* SJVacancyViewModelSpec.m */; };
		5A3F5F83ECC6E2C6986FADCA /* SJVacancyTableViewController.m in Sources */ = {isa = PBXBuildFile; fileRef = 5A3F540F353D77F1445D3225 /* SJVacancyTableViewController.m */; };
		5A3F5F8D979D7F3405750FE9 /* SJSettingsStorage.m in Sources */ = {isa = PBXBuildFile; fileRef = 5A3F55A5C32708F7F6F4BBF2 /* SJSettingsStorage.m */; };
		8EC66042E179D81284814A6F /* libPods-SuperjobExampleTests.a in Frameworks */ = {isa = PBXBuildFile; fileRef = 2535154BC1C8C20C2938D11E /* libPods-SuperjobExampleTests.a */; };
		A6D379ECF231F2673A665C84 /* libPods-SuperjobExample.a in Frameworks */ = {isa = PBXBuildFile; fileRef = ABEC608772489DB2C8DA86CA /* libPods-SuperjobExample.a */; };
		B58656011B53B66100DCDCB2 /* main.m in Sources */ = {isa = PBXBuildFile; fileRef = B58656001B53B66100DCDCB2 /* main.m */; };
		B58656041B53B66100DCDCB2 /* AppDelegate.m in Sources */ = {isa = PBXBuildFile; fileRef = B58656031B53B66100DCDCB2 /* AppDelegate.m */; };
		B586560A1B53B66100DCDCB2 /* Main.storyboard in Resources */ = {isa = PBXBuildFile; fileRef = B58656081B53B66100DCDCB2 /* Main.storyboard */; };
		B586560C1B53B66100DCDCB2 /* Images.xcassets in Resources */ = {isa = PBXBuildFile; fileRef = B586560B1B53B66100DCDCB2 /* Images.xcassets */; };
		B586560F1B53B66100DCDCB2 /* LaunchScreen.xib in Resources */ = {isa = PBXBuildFile; fileRef = B586560D1B53B66100DCDCB2 /* LaunchScreen.xib */; };
		B5BB85C31B8A288B00968748 /* SJVacancyTableViewCell.m in Sources */ = {isa = PBXBuildFile; fileRef = B5BB85C21B8A288B00968748 /* SJVacancyTableViewCell.m */; };
		B5BB85C61B8A2E2C00968748 /* SJVacancyPlaceholderTableViewCell.m in Sources */ = {isa = PBXBuildFile; fileRef = B5BB85C51B8A2E2C00968748 /* SJVacancyPlaceholderTableViewCell.m */; };
/* End PBXBuildFile section */

/* Begin PBXContainerItemProxy section */
		B58656151B53B66100DCDCB2 /* PBXContainerItemProxy */ = {
			isa = PBXContainerItemProxy;
			containerPortal = B58655F31B53B66000DCDCB2 /* Project object */;
			proxyType = 1;
			remoteGlobalIDString = B58655FA1B53B66100DCDCB2;
			remoteInfo = SuperjobExample;
		};
/* End PBXContainerItemProxy section */

/* Begin PBXFileReference section */
		09DCE39AD8634CBA2F8114B4 /* libPods.a */ = {isa = PBXFileReference; explicitFileType = archive.ar; includeInIndex = 0; path = libPods.a; sourceTree = BUILT_PRODUCTS_DIR; };
		2535154BC1C8C20C2938D11E /* libPods-SuperjobExampleTests.a */ = {isa = PBXFileReference; explicitFileType = archive.ar; includeInIndex = 0; path = "libPods-SuperjobExampleTests.a"; sourceTree = BUILT_PRODUCTS_DIR; };
		5515E73FAEDBEC35E1FF3898 /* Pods-SuperjobExampleTests.debug.xcconfig */ = {isa = PBXFileReference; includeInIndex = 1; lastKnownFileType = text.xcconfig; name = "Pods-SuperjobExampleTests.debug.xcconfig"; path = "Pods/Target Support Files/Pods-SuperjobExampleTests/Pods-SuperjobExampleTests.debug.xcconfig"; sourceTree = "<group>"; };
		5A3F506EF58EEA8BEB361BA3 /* NSError+SJError.h */ = {isa = PBXFileReference; fileEncoding = 4; lastKnownFileType = sourcecode.c.h; path = "NSError+SJError.h"; sourceTree = "<group>"; };
		5A3F5088C25D7090003A37BE /* SJVacancyViewModel.m */ = {isa = PBXFileReference; fileEncoding = 4; lastKnownFileType = sourcecode.c.objc; path = SJVacancyViewModel.m; sourceTree = "<group>"; };
		5A3F522BA8DF5588DEA19C9D /* SJPluralHelper.m */ = {isa = PBXFileReference; fileEncoding = 4; lastKnownFileType = sourcecode.c.objc; path = SJPluralHelper.m; sourceTree = "<group>"; };
		5A3F526F7ED20957F209E8CD /* vacancies.0.json */ = {isa = PBXFileReference; lastKnownFileType = text.json; path = vacancies.0.json; sourceTree = "<group>"; };
		5A3F52E95CEF41616E6EC3DA /* SJAPIAdapterSpec.m */ = {isa = PBXFileReference; fileEncoding = 4; lastKnownFileType = sourcecode.c.objc; path = SJAPIAdapterSpec.m; sourceTree = "<group>"; };
		5A3F53481F6DD11F0F0CDF80 /* SJAPIAdapter.h */ = {isa = PBXFileReference; fileEncoding = 4; lastKnownFileType = sourcecode.c.h; path = SJAPIAdapter.h; sourceTree = "<group>"; };
		5A3F538DA401C069DAB59D42 /* SJVacancyViewItem.m */ = {isa = PBXFileReference; fileEncoding = 4; lastKnownFileType = sourcecode.c.objc; path = SJVacancyViewItem.m; sourceTree = "<group>"; };
		5A3F540F353D77F1445D3225 /* SJVacancyTableViewController.m */ = {isa = PBXFileReference; fileEncoding = 4; lastKnownFileType = sourcecode.c.objc; path = SJVacancyTableViewController.m; sourceTree = "<group>"; };
		5A3F5522330DA9E588BD6CC0 /* SJVacancyModelSpec.m */ = {isa = PBXFileReference; fileEncoding = 4; lastKnownFileType = sourcecode.c.objc; path = SJVacancyModelSpec.m; sourceTree = "<group>"; };
		5A3F55926B905BB9EE755EF0 /* NSError+SJError.m */ = {isa = PBXFileReference; fileEncoding = 4; lastKnownFileType = sourcecode.c.objc; path = "NSError+SJError.m"; sourceTree = "<group>"; };
		5A3F5597570994242B606A0B /* vacancies.2.json */ = {isa = PBXFileReference; lastKnownFileType = text.json; path = vacancies.2.json; sourceTree = "<group>"; };
		5A3F55A0AD02F46392B881D5 /* API.m */ = {isa = PBXFileReference; fileEncoding = 4; lastKnownFileType = sourcecode.c.objc; path = API.m; sourceTree = "<group>"; };
		5A3F55A5C32708F7F6F4BBF2 /* SJSettingsStorage.m */ = {isa = PBXFileReference; fileEncoding = 4; lastKnownFileType = sourcecode.c.objc; path = SJSettingsStorage.m; sourceTree = "<group>"; };
		5A3F55BD2519CE87B92E3F4A /* SJCityModel.h */ = {isa = PBXFileReference; fileEncoding = 4; lastKnownFileType = sourcecode.c.h; path = SJCityModel.h; sourceTree = "<group>"; };
		5A3F5622B5B8FC4300C80545 /* API.h */ = {isa = PBXFileReference; fileEncoding = 4; lastKnownFileType = sourcecode.c.h; path = API.h; sourceTree = "<group>"; };
		5A3F564778FAE00E896BCB36 /* SJVacancyFacade.h */ = {isa = PBXFileReference; fileEncoding = 4; lastKnownFileType = sourcecode.c.h; path = SJVacancyFacade.h; sourceTree = "<group>"; };
		5A3F56F196382087D9D3E4E7 /* SJVacancyModel.h */ = {isa = PBXFileReference; fileEncoding = 4; lastKnownFileType = sourcecode.c.h; path = SJVacancyModel.h; sourceTree = "<group>"; };
		5A3F5771C04E9852D94199BD /* SJVacancyViewModel.h */ = {isa = PBXFileReference; fileEncoding = 4; lastKnownFileType = sourcecode.c.h; path = SJVacancyViewModel.h; sourceTree = "<group>"; };
		5A3F57D24707B9EC1363E14E /* vacancies.3.json */ = {isa = PBXFileReference; lastKnownFileType = text.json; path = vacancies.3.json; sourceTree = "<group>"; };
		5A3F580065E958913C10EA7F /* SJVacancyFacadeSpec.m */ = {isa = PBXFileReference; fileEncoding = 4; lastKnownFileType = sourcecode.c.objc; path = SJVacancyFacadeSpec.m; sourceTree = "<group>"; };
		5A3F58299DE143B147AB3B60 /* Specs.h */ = {isa = PBXFileReference; fileEncoding = 4; lastKnownFileType = sourcecode.c.h; path = Specs.h; sourceTree = "<group>"; };
		5A3F582DEA7C8F72F61B0259 /* SJVacancyViewItem.h */ = {isa = PBXFileReference; fileEncoding = 4; lastKnownFileType = sourcecode.c.h; path = SJVacancyViewItem.h; sourceTree = "<group>"; };
		5A3F5880D1D62103E866607F /* vacancy.json */ = {isa = PBXFileReference; lastKnownFileType = text.json; path = vacancy.json; sourceTree = "<group>"; };
		5A3F58C65B55784C4596F692 /* SJAPIAdapter.m */ = {isa = PBXFileReference; fileEncoding = 4; lastKnownFileType = sourcecode.c.objc; path = SJAPIAdapter.m; sourceTree = "<group>"; };
		5A3F59F13BD0E5E98E8E652C /* FakeAPI.h */ = {isa = PBXFileReference; fileEncoding = 4; lastKnownFileType = sourcecode.c.h; path = FakeAPI.h; sourceTree = "<group>"; };
		5A3F5BAAC6C1A4AFBDF26F6A /* SJCityModel.m */ = {isa = PBXFileReference; fileEncoding = 4; lastKnownFileType = sourcecode.c.objc; path = SJCityModel.m; sourceTree = "<group>"; };
		5A3F5C330E2DF2F37DD2B42B /* SJVacancyModel.m */ = {isa = PBXFileReference; fileEncoding = 4; lastKnownFileType = sourcecode.c.objc; path = SJVacancyModel.m; sourceTree = "<group>"; };
		5A3F5C636C5B8B6BE07346A8 /* SJVacancyViewSection.m */ = {isa = PBXFileReference; fileEncoding = 4; lastKnownFileType = sourcecode.c.objc; path = SJVacancyViewSection.m; sourceTree = "<group>"; };
		5A3F5C92C284EE0E78C91A6F /* SJCityModelSpec.m */ = {isa = PBXFileReference; fileEncoding = 4; lastKnownFileType = sourcecode.c.objc; path = SJCityModelSpec.m; sourceTree = "<group>"; };
		5A3F5CD703CD4E7DC3C7053A /* vacancies.1.json */ = {isa = PBXFileReference; lastKnownFileType = text.json; path = vacancies.1.json; sourceTree = "<group>"; };
		5A3F5DEFE1C56A2F7C689456 /* SJVacancyViewModelSpec.m */ = {isa = PBXFileReference; fileEncoding = 4; lastKnownFileType = sourcecode.c.objc; path = SJVacancyViewModelSpec.m; sourceTree = "<group>"; };
		5A3F5DFD40136170F6B4212A /* SJVacancyFacade.m */ = {isa = PBXFileReference; fileEncoding = 4; lastKnownFileType = sourcecode.c.objc; path = SJVacancyFacade.m; sourceTree = "<group>"; };
		5A3F5E2CB440372410E4D04B /* FakeAPI.m */ = {isa = PBXFileReference; fileEncoding = 4; lastKnownFileType = sourcecode.c.objc; path = FakeAPI.m; sourceTree = "<group>"; };
		5A3F5EB2CE965953C044DC31 /* SJVacancyViewSection.h */ = {isa = PBXFileReference; fileEncoding = 4; lastKnownFileType = sourcecode.c.h; path = SJVacancyViewSection.h; sourceTree = "<group>"; };
		5A3F5EE7E35FE5A3DDE5827C /* SJSettingsStorage.h */ = {isa = PBXFileReference; fileEncoding = 4; lastKnownFileType = sourcecode.c.h; path = SJSettingsStorage.h; sourceTree = "<group>"; };
		5A3F5F41B5195172612C04E9 /* vacancies.4.json */ = {isa = PBXFileReference; lastKnownFileType = text.json; path = vacancies.4.json; sourceTree = "<group>"; };
		5A3F5F6B8DAF624BCC23416A /* SJVacancyTableViewController.h */ = {isa = PBXFileReference; fileEncoding = 4; lastKnownFileType = sourcecode.c.h; path = SJVacancyTableViewController.h; sourceTree = "<group>"; };
		5A3F5FD84720C696349BD0A8 /* SJPluralHelper.h */ = {isa = PBXFileReference; fileEncoding = 4; lastKnownFileType = sourcecode.c.h; path = SJPluralHelper.h; sourceTree = "<group>"; };
		7A6BB5D4ED2A1D2614A13FE1 /* Pods-SuperjobExample.release.xcconfig */ = {isa = PBXFileReference; includeInIndex = 1; lastKnownFileType = text.xcconfig; name = "Pods-SuperjobExample.release.xcconfig"; path = "Pods/Target Support Files/Pods-SuperjobExample/Pods-SuperjobExample.release.xcconfig"; sourceTree = "<group>"; };
		9B09268F2540CA86380C2649 /* Pods-SuperjobExample.debug.xcconfig */ = {isa = PBXFileReference; includeInIndex = 1; lastKnownFileType = text.xcconfig; name = "Pods-SuperjobExample.debug.xcconfig"; path = "Pods/Target Support Files/Pods-SuperjobExample/Pods-SuperjobExample.debug.xcconfig"; sourceTree = "<group>"; };
		ABEC608772489DB2C8DA86CA /* libPods-SuperjobExample.a */ = {isa = PBXFileReference; explicitFileType = archive.ar; includeInIndex = 0; path = "libPods-SuperjobExample.a"; sourceTree = BUILT_PRODUCTS_DIR; };
		B58655FB1B53B66100DCDCB2 /* SuperjobExample.app */ = {isa = PBXFileReference; explicitFileType = wrapper.application; includeInIndex = 0; path = SuperjobExample.app; sourceTree = BUILT_PRODUCTS_DIR; };
		B58655FF1B53B66100DCDCB2 /* Info.plist */ = {isa = PBXFileReference; lastKnownFileType = text.plist.xml; path = Info.plist; sourceTree = "<group>"; };
		B58656001B53B66100DCDCB2 /* main.m */ = {isa = PBXFileReference; lastKnownFileType = sourcecode.c.objc; path = main.m; sourceTree = "<group>"; };
		B58656021B53B66100DCDCB2 /* AppDelegate.h */ = {isa = PBXFileReference; lastKnownFileType = sourcecode.c.h; path = AppDelegate.h; sourceTree = "<group>"; };
		B58656031B53B66100DCDCB2 /* AppDelegate.m */ = {isa = PBXFileReference; lastKnownFileType = sourcecode.c.objc; path = AppDelegate.m; sourceTree = "<group>"; };
		B58656091B53B66100DCDCB2 /* Base */ = {isa = PBXFileReference; lastKnownFileType = file.storyboard; name = Base; path = Base.lproj/Main.storyboard; sourceTree = "<group>"; };
		B586560B1B53B66100DCDCB2 /* Images.xcassets */ = {isa = PBXFileReference; lastKnownFileType = folder.assetcatalog; path = Images.xcassets; sourceTree = "<group>"; };
		B586560E1B53B66100DCDCB2 /* Base */ = {isa = PBXFileReference; lastKnownFileType = file.xib; name = Base; path = Base.lproj/LaunchScreen.xib; sourceTree = "<group>"; };
		B58656141B53B66100DCDCB2 /* SuperjobExampleTests.xctest */ = {isa = PBXFileReference; explicitFileType = wrapper.cfbundle; includeInIndex = 0; path = SuperjobExampleTests.xctest; sourceTree = BUILT_PRODUCTS_DIR; };
		B58656191B53B66100DCDCB2 /* Info.plist */ = {isa = PBXFileReference; lastKnownFileType = text.plist.xml; path = Info.plist; sourceTree = "<group>"; };
		B5BB85C11B8A288B00968748 /* SJVacancyTableViewCell.h */ = {isa = PBXFileReference; fileEncoding = 4; lastKnownFileType = sourcecode.c.h; path = SJVacancyTableViewCell.h; sourceTree = "<group>"; };
		B5BB85C21B8A288B00968748 /* SJVacancyTableViewCell.m */ = {isa = PBXFileReference; fileEncoding = 4; lastKnownFileType = sourcecode.c.objc; path = SJVacancyTableViewCell.m; sourceTree = "<group>"; };
		B5BB85C41B8A2E2C00968748 /* SJVacancyPlaceholderTableViewCell.h */ = {isa = PBXFileReference; fileEncoding = 4; lastKnownFileType = sourcecode.c.h; path = SJVacancyPlaceholderTableViewCell.h; sourceTree = "<group>"; };
		B5BB85C51B8A2E2C00968748 /* SJVacancyPlaceholderTableViewCell.m */ = {isa = PBXFileReference; fileEncoding = 4; lastKnownFileType = sourcecode.c.objc; path = SJVacancyPlaceholderTableViewCell.m; sourceTree = "<group>"; };
		D773BF35B653FCA8C46D3711 /* Pods-SuperjobExampleTests.release.xcconfig */ = {isa = PBXFileReference; includeInIndex = 1; lastKnownFileType = text.xcconfig; name = "Pods-SuperjobExampleTests.release.xcconfig"; path = "Pods/Target Support Files/Pods-SuperjobExampleTests/Pods-SuperjobExampleTests.release.xcconfig"; sourceTree = "<group>"; };
/* End PBXFileReference section */

/* Begin PBXFrameworksBuildPhase section */
		B58655F81B53B66100DCDCB2 /* Frameworks */ = {
			isa = PBXFrameworksBuildPhase;
			buildActionMask = 2147483647;
			files = (
				A6D379ECF231F2673A665C84 /* libPods-SuperjobExample.a in Frameworks */,
			);
			runOnlyForDeploymentPostprocessing = 0;
		};
		B58656111B53B66100DCDCB2 /* Frameworks */ = {
			isa = PBXFrameworksBuildPhase;
			buildActionMask = 2147483647;
			files = (
				8EC66042E179D81284814A6F /* libPods-SuperjobExampleTests.a in Frameworks */,
			);
			runOnlyForDeploymentPostprocessing = 0;
		};
/* End PBXFrameworksBuildPhase section */

/* Begin PBXGroup section */
		5A3F5069C8B72CE6A3CC1B02 /* Helpers */ = {
			isa = PBXGroup;
			children = (
				5A3F522BA8DF5588DEA19C9D /* SJPluralHelper.m */,
				5A3F5FD84720C696349BD0A8 /* SJPluralHelper.h */,
			);
			path = Helpers;
			sourceTree = "<group>";
		};
		5A3F506B624B12449D9DB2DB /* View Model */ = {
			isa = PBXGroup;
			children = (
				5A3F5088C25D7090003A37BE /* SJVacancyViewModel.m */,
				5A3F5771C04E9852D94199BD /* SJVacancyViewModel.h */,
				5A3F5DEFE1C56A2F7C689456 /* SJVacancyViewModelSpec.m */,
				5A3F5C636C5B8B6BE07346A8 /* SJVacancyViewSection.m */,
				5A3F5EB2CE965953C044DC31 /* SJVacancyViewSection.h */,
				5A3F538DA401C069DAB59D42 /* SJVacancyViewItem.m */,
				5A3F582DEA7C8F72F61B0259 /* SJVacancyViewItem.h */,
			);
			path = "View Model";
			sourceTree = "<group>";
		};
		5A3F513886DDA938E9FD72E2 /* SJCityModel */ = {
			isa = PBXGroup;
			children = (
				5A3F5BAAC6C1A4AFBDF26F6A /* SJCityModel.m */,
				5A3F55BD2519CE87B92E3F4A /* SJCityModel.h */,
				5A3F5C92C284EE0E78C91A6F /* SJCityModelSpec.m */,
			);
			path = SJCityModel;
			sourceTree = "<group>";
		};
		5A3F522D76EA451007ACC5BA /* SJVacancyModel */ = {
			isa = PBXGroup;
			children = (
				5A3F56F196382087D9D3E4E7 /* SJVacancyModel.h */,
				5A3F5C330E2DF2F37DD2B42B /* SJVacancyModel.m */,
				5A3F5522330DA9E588BD6CC0 /* SJVacancyModelSpec.m */,
				5A3F5880D1D62103E866607F /* vacancy.json */,
			);
			path = SJVacancyModel;
			sourceTree = "<group>";
		};
		5A3F52589772B2868C2D1B8C /* Models */ = {
			isa = PBXGroup;
			children = (
				5A3F522D76EA451007ACC5BA /* SJVacancyModel */,
				5A3F513886DDA938E9FD72E2 /* SJCityModel */,
			);
			path = Models;
			sourceTree = "<group>";
		};
		5A3F5487AF8DAF9AECA3DC75 /* View */ = {
			isa = PBXGroup;
			children = (
				B5BB85C11B8A288B00968748 /* SJVacancyTableViewCell.h */,
				B5BB85C21B8A288B00968748 /* SJVacancyTableViewCell.m */,
				B5BB85C41B8A2E2C00968748 /* SJVacancyPlaceholderTableViewCell.h */,
				B5BB85C51B8A2E2C00968748 /* SJVacancyPlaceholderTableViewCell.m */,
			);
			path = View;
			sourceTree = "<group>";
		};
		5A3F55AC691C59A0FA76FCFF /* Data Source */ = {
			isa = PBXGroup;
			children = (
				5A3F5622B5B8FC4300C80545 /* API.h */,
				5A3F55A0AD02F46392B881D5 /* API.m */,
				5A3F526F7ED20957F209E8CD /* vacancies.0.json */,
				5A3F5CD703CD4E7DC3C7053A /* vacancies.1.json */,
				5A3F5E2CB440372410E4D04B /* FakeAPI.m */,
				5A3F59F13BD0E5E98E8E652C /* FakeAPI.h */,
				5A3F5597570994242B606A0B /* vacancies.2.json */,
				5A3F57D24707B9EC1363E14E /* vacancies.3.json */,
				5A3F5F41B5195172612C04E9 /* vacancies.4.json */,
			);
			path = "Data Source";
			sourceTree = "<group>";
		};
		5A3F5615A80AEC3B471407E5 /* Storage */ = {
			isa = PBXGroup;
			children = (
				5A3F5EE7E35FE5A3DDE5827C /* SJSettingsStorage.h */,
				5A3F55A5C32708F7F6F4BBF2 /* SJSettingsStorage.m */,
			);
			path = Storage;
			sourceTree = "<group>";
		};
		5A3F58F3BA4A71E7CCBFEDED /* Categories */ = {
			isa = PBXGroup;
			children = (
				5A3F55926B905BB9EE755EF0 /* NSError+SJError.m */,
				5A3F506EF58EEA8BEB361BA3 /* NSError+SJError.h */,
			);
			path = Categories;
			sourceTree = "<group>";
		};
		5A3F5AB7498E66DD16A14DF1 /* SJVacancyTableViewController */ = {
			isa = PBXGroup;
			children = (
				5A3F5F6B8DAF624BCC23416A /* SJVacancyTableViewController.h */,
				5A3F540F353D77F1445D3225 /* SJVacancyTableViewController.m */,
				5A3F506B624B12449D9DB2DB /* View Model */,
				5A3F5487AF8DAF9AECA3DC75 /* View */,
			);
			path = SJVacancyTableViewController;
			sourceTree = "<group>";
		};
		5A3F5AF396811DBCC950B217 /* Facade */ = {
			isa = PBXGroup;
			children = (
				5A3F5DFD40136170F6B4212A /* SJVacancyFacade.m */,
				5A3F564778FAE00E896BCB36 /* SJVacancyFacade.h */,
				5A3F580065E958913C10EA7F /* SJVacancyFacadeSpec.m */,
			);
			path = Facade;
			sourceTree = "<group>";
		};
		5A3F5E89F83D56FBF8051923 /* Controllers */ = {
			isa = PBXGroup;
			children = (
				5A3F5AB7498E66DD16A14DF1 /* SJVacancyTableViewController */,
			);
			path = Controllers;
			sourceTree = "<group>";
		};
		5A3F5F5A6F1563AE6385B4A3 /* Adapter */ = {
			isa = PBXGroup;
			children = (
				5A3F58C65B55784C4596F692 /* SJAPIAdapter.m */,
				5A3F53481F6DD11F0F0CDF80 /* SJAPIAdapter.h */,
				5A3F52E95CEF41616E6EC3DA /* SJAPIAdapterSpec.m */,
			);
			path = Adapter;
			sourceTree = "<group>";
		};
		774147BAF262C4A7A0335D8D /* Frameworks */ = {
			isa = PBXGroup;
			children = (
				ABEC608772489DB2C8DA86CA /* libPods-SuperjobExample.a */,
				2535154BC1C8C20C2938D11E /* libPods-SuperjobExampleTests.a */,
				09DCE39AD8634CBA2F8114B4 /* libPods.a */,
			);
			name = Frameworks;
			sourceTree = "<group>";
		};
		B58655F21B53B66000DCDCB2 = {
			isa = PBXGroup;
			children = (
				B58655FD1B53B66100DCDCB2 /* SuperjobExample */,
				B58656171B53B66100DCDCB2 /* SuperjobExampleTests */,
				B58655FC1B53B66100DCDCB2 /* Products */,
				BA9183406BA01BD9ED3BB72A /* Pods */,
				774147BAF262C4A7A0335D8D /* Frameworks */,
			);
			sourceTree = "<group>";
		};
		B58655FC1B53B66100DCDCB2 /* Products */ = {
			isa = PBXGroup;
			children = (
				B58655FB1B53B66100DCDCB2 /* SuperjobExample.app */,
				B58656141B53B66100DCDCB2 /* SuperjobExampleTests.xctest */,
			);
			name = Products;
			sourceTree = "<group>";
		};
		B58655FD1B53B66100DCDCB2 /* SuperjobExample */ = {
			isa = PBXGroup;
			children = (
				B58656021B53B66100DCDCB2 /* AppDelegate.h */,
				B58656031B53B66100DCDCB2 /* AppDelegate.m */,
				B58656081B53B66100DCDCB2 /* Main.storyboard */,
				B586560B1B53B66100DCDCB2 /* Images.xcassets */,
				B586560D1B53B66100DCDCB2 /* LaunchScreen.xib */,
				B58655FE1B53B66100DCDCB2 /* Supporting Files */,
				5A3F5AF396811DBCC950B217 /* Facade */,
				5A3F5F5A6F1563AE6385B4A3 /* Adapter */,
				5A3F55AC691C59A0FA76FCFF /* Data Source */,
				5A3F5E89F83D56FBF8051923 /* Controllers */,
				5A3F58F3BA4A71E7CCBFEDED /* Categories */,
				5A3F5615A80AEC3B471407E5 /* Storage */,
				5A3F52589772B2868C2D1B8C /* Models */,
				5A3F5069C8B72CE6A3CC1B02 /* Helpers */,
			);
			path = SuperjobExample;
			sourceTree = "<group>";
		};
		B58655FE1B53B66100DCDCB2 /* Supporting Files */ = {
			isa = PBXGroup;
			children = (
				B58655FF1B53B66100DCDCB2 /* Info.plist */,
				B58656001B53B66100DCDCB2 /* main.m */,
			);
			name = "Supporting Files";
			sourceTree = "<group>";
		};
		B58656171B53B66100DCDCB2 /* SuperjobExampleTests */ = {
			isa = PBXGroup;
			children = (
				B58656181B53B66100DCDCB2 /* Supporting Files */,
				5A3F58299DE143B147AB3B60 /* Specs.h */,
			);
			path = SuperjobExampleTests;
			sourceTree = "<group>";
		};
		B58656181B53B66100DCDCB2 /* Supporting Files */ = {
			isa = PBXGroup;
			children = (
				B58656191B53B66100DCDCB2 /* Info.plist */,
			);
			name = "Supporting Files";
			sourceTree = "<group>";
		};
		BA9183406BA01BD9ED3BB72A /* Pods */ = {
			isa = PBXGroup;
			children = (
				9B09268F2540CA86380C2649 /* Pods-SuperjobExample.debug.xcconfig */,
				7A6BB5D4ED2A1D2614A13FE1 /* Pods-SuperjobExample.release.xcconfig */,
				5515E73FAEDBEC35E1FF3898 /* Pods-SuperjobExampleTests.debug.xcconfig */,
				D773BF35B653FCA8C46D3711 /* Pods-SuperjobExampleTests.release.xcconfig */,
			);
			name = Pods;
			sourceTree = "<group>";
		};
/* End PBXGroup section */

/* Begin PBXNativeTarget section */
		B58655FA1B53B66100DCDCB2 /* SuperjobExample */ = {
			isa = PBXNativeTarget;
			buildConfigurationList = B586561E1B53B66100DCDCB2 /* Build configuration list for PBXNativeTarget "SuperjobExample" */;
			buildPhases = (
				179244F92DFC1FC26D52891A /* Check Pods Manifest.lock */,
				B58655F71B53B66100DCDCB2 /* Sources */,
				B58655F81B53B66100DCDCB2 /* Frameworks */,
				B58655F91B53B66100DCDCB2 /* Resources */,
				E37D085D1CDD5646789C8E25 /* Copy Pods Resources */,
			);
			buildRules = (
			);
			dependencies = (
			);
			name = SuperjobExample;
			productName = SuperjobExample;
			productReference = B58655FB1B53B66100DCDCB2 /* SuperjobExample.app */;
			productType = "com.apple.product-type.application";
		};
		B58656131B53B66100DCDCB2 /* SuperjobExampleTests */ = {
			isa = PBXNativeTarget;
			buildConfigurationList = B58656211B53B66100DCDCB2 /* Build configuration list for PBXNativeTarget "SuperjobExampleTests" */;
			buildPhases = (
				A3A3108AF5166519F278B010 /* Check Pods Manifest.lock */,
				B58656101B53B66100DCDCB2 /* Sources */,
				B58656111B53B66100DCDCB2 /* Frameworks */,
				B58656121B53B66100DCDCB2 /* Resources */,
				1141539DBC683E5498893F21 /* Copy Pods Resources */,
			);
			buildRules = (
			);
			dependencies = (
				B58656161B53B66100DCDCB2 /* PBXTargetDependency */,
			);
			name = SuperjobExampleTests;
			productName = SuperjobExampleTests;
			productReference = B58656141B53B66100DCDCB2 /* SuperjobExampleTests.xctest */;
			productType = "com.apple.product-type.bundle.unit-test";
		};
/* End PBXNativeTarget section */

/* Begin PBXProject section */
		B58655F31B53B66000DCDCB2 /* Project object */ = {
			isa = PBXProject;
			attributes = {
				LastUpgradeCheck = 0640;
				ORGANIZATIONNAME = Superjob.ru;
				TargetAttributes = {
					B58655FA1B53B66100DCDCB2 = {
						CreatedOnToolsVersion = 6.4;
					};
					B58656131B53B66100DCDCB2 = {
						CreatedOnToolsVersion = 6.4;
						TestTargetID = B58655FA1B53B66100DCDCB2;
					};
				};
			};
			buildConfigurationList = B58655F61B53B66000DCDCB2 /* Build configuration list for PBXProject "SuperjobExample" */;
			compatibilityVersion = "Xcode 3.2";
			developmentRegion = English;
			hasScannedForEncodings = 0;
			knownRegions = (
				en,
				Base,
			);
			mainGroup = B58655F21B53B66000DCDCB2;
			productRefGroup = B58655FC1B53B66100DCDCB2 /* Products */;
			projectDirPath = "";
			projectRoot = "";
			targets = (
				B58655FA1B53B66100DCDCB2 /* SuperjobExample */,
				B58656131B53B66100DCDCB2 /* SuperjobExampleTests */,
			);
		};
/* End PBXProject section */

/* Begin PBXResourcesBuildPhase section */
		B58655F91B53B66100DCDCB2 /* Resources */ = {
			isa = PBXResourcesBuildPhase;
			buildActionMask = 2147483647;
			files = (
				B586560A1B53B66100DCDCB2 /* Main.storyboard in Resources */,
				B586560F1B53B66100DCDCB2 /* LaunchScreen.xib in Resources */,
				B586560C1B53B66100DCDCB2 /* Images.xcassets in Resources */,
				5A3F5A9A79C33497D9964212 /* vacancies.1.json in Resources */,
				5A3F5131D9543D9E6649EED8 /* vacancies.0.json in Resources */,
				5A3F505D4276128EDB60CEB2 /* vacancies.2.json in Resources */,
				5A3F5824173C10B6250FDB7F /* vacancies.3.json in Resources */,
				5A3F5264523906FA4924D739 /* vacancies.4.json in Resources */,
			);
			runOnlyForDeploymentPostprocessing = 0;
		};
		B58656121B53B66100DCDCB2 /* Resources */ = {
			isa = PBXResourcesBuildPhase;
			buildActionMask = 2147483647;
			files = (
				5A3F5B478DF75AB572CBC65C /* vacancies.0.json in Resources */,
				5A3F574A1CD72093B10075AD /* vacancies.1.json in Resources */,
				5A3F5251EE273DBE8818FF43 /* vacancy.json in Resources */,
			);
			runOnlyForDeploymentPostprocessing = 0;
		};
/* End PBXResourcesBuildPhase section */

/* Begin PBXShellScriptBuildPhase section */
		1141539DBC683E5498893F21 /* Copy Pods Resources */ = {
			isa = PBXShellScriptBuildPhase;
			buildActionMask = 2147483647;
			files = (
			);
			inputPaths = (
			);
			name = "Copy Pods Resources";
			outputPaths = (
			);
			runOnlyForDeploymentPostprocessing = 0;
			shellPath = /bin/sh;
			shellScript = "\"${SRCROOT}/Pods/Target Support Files/Pods-SuperjobExampleTests/Pods-SuperjobExampleTests-resources.sh\"\n";
			showEnvVarsInLog = 0;
		};
		179244F92DFC1FC26D52891A /* Check Pods Manifest.lock */ = {
			isa = PBXShellScriptBuildPhase;
			buildActionMask = 2147483647;
			files = (
			);
			inputPaths = (
			);
			name = "Check Pods Manifest.lock";
			outputPaths = (
			);
			runOnlyForDeploymentPostprocessing = 0;
			shellPath = /bin/sh;
			shellScript = "diff \"${PODS_ROOT}/../Podfile.lock\" \"${PODS_ROOT}/Manifest.lock\" > /dev/null\nif [[ $? != 0 ]] ; then\n    cat << EOM\nerror: The sandbox is not in sync with the Podfile.lock. Run 'pod install' or update your CocoaPods installation.\nEOM\n    exit 1\nfi\n";
			showEnvVarsInLog = 0;
		};
		A3A3108AF5166519F278B010 /* Check Pods Manifest.lock */ = {
			isa = PBXShellScriptBuildPhase;
			buildActionMask = 2147483647;
			files = (
			);
			inputPaths = (
			);
			name = "Check Pods Manifest.lock";
			outputPaths = (
			);
			runOnlyForDeploymentPostprocessing = 0;
			shellPath = /bin/sh;
			shellScript = "diff \"${PODS_ROOT}/../Podfile.lock\" \"${PODS_ROOT}/Manifest.lock\" > /dev/null\nif [[ $? != 0 ]] ; then\n    cat << EOM\nerror: The sandbox is not in sync with the Podfile.lock. Run 'pod install' or update your CocoaPods installation.\nEOM\n    exit 1\nfi\n";
			showEnvVarsInLog = 0;
		};
		E37D085D1CDD5646789C8E25 /* Copy Pods Resources */ = {
			isa = PBXShellScriptBuildPhase;
			buildActionMask = 2147483647;
			files = (
			);
			inputPaths = (
			);
			name = "Copy Pods Resources";
			outputPaths = (
			);
			runOnlyForDeploymentPostprocessing = 0;
			shellPath = /bin/sh;
			shellScript = "\"${SRCROOT}/Pods/Target Support Files/Pods-SuperjobExample/Pods-SuperjobExample-resources.sh\"\n";
			showEnvVarsInLog = 0;
		};
/* End PBXShellScriptBuildPhase section */

/* Begin PBXSourcesBuildPhase section */
		B58655F71B53B66100DCDCB2 /* Sources */ = {
			isa = PBXSourcesBuildPhase;
			buildActionMask = 2147483647;
			files = (
				B58656041B53B66100DCDCB2 /* AppDelegate.m in Sources */,
				B58656011B53B66100DCDCB2 /* main.m in Sources */,
				B5BB85C31B8A288B00968748 /* SJVacancyTableViewCell.m in Sources */,
				5A3F5F83ECC6E2C6986FADCA /* SJVacancyTableViewController.m in Sources */,
				5A3F50A0F15CFEEDE8A3D71D /* API.m in Sources */,
				5A3F5057D37573BC0F86ECC6 /* NSError+SJError.m in Sources */,
				5A3F5F8D979D7F3405750FE9 /* SJSettingsStorage.m in Sources */,
				5A3F5E4C376765D59EC3C0B0 /* SJAPIAdapter.m in Sources */,
				5A3F58DDCA8ED9C2CC1FE050 /* SJVacancyFacade.m in Sources */,
				5A3F57B9DB2BB30D850FFD54 /* SJVacancyModel.m in Sources */,
				5A3F50C9909E6D0D1F0AB96B /* SJCityModel.m in Sources */,
				5A3F599AFAA1C24BDE51DA04 /* SJVacancyViewModel.m in Sources */,
				5A3F51AA0D2A31E295EADDAC /* SJVacancyViewSection.m in Sources */,
				5A3F509A41A3AB9F5B1398B3 /* SJVacancyViewItem.m in Sources */,
				B5BB85C61B8A2E2C00968748 /* SJVacancyPlaceholderTableViewCell.m in Sources */,
				5A3F57EFC124623C9CC4DF36 /* SJPluralHelper.m in Sources */,
				5A3F5B838A40A33EB2E67F98 /* FakeAPI.m in Sources */,
			);
			runOnlyForDeploymentPostprocessing = 0;
		};
		B58656101B53B66100DCDCB2 /* Sources */ = {
			isa = PBXSourcesBuildPhase;
			buildActionMask = 2147483647;
			files = (
				5A3F50875D1D879DFDFF7459 /* SJAPIAdapterSpec.m in Sources */,
				5A3F5011F0221C3F90701A01 /* SJVacancyFacadeSpec.m in Sources */,
				5A3F57750A5C48667B0077C4 /* SJVacancyModelSpec.m in Sources */,
				5A3F501AB1BE63E4D54809F2 /* SJCityModelSpec.m in Sources */,
				5A3F5E882FEC8363F3B15D22 /* SJVacancyViewModelSpec.m in Sources */,
			);
			runOnlyForDeploymentPostprocessing = 0;
		};
/* End PBXSourcesBuildPhase section */

/* Begin PBXTargetDependency section */
		B58656161B53B66100DCDCB2 /* PBXTargetDependency */ = {
			isa = PBXTargetDependency;
			target = B58655FA1B53B66100DCDCB2 /* SuperjobExample */;
			targetProxy = B58656151B53B66100DCDCB2 /* PBXContainerItemProxy */;
		};
/* End PBXTargetDependency section */

/* Begin PBXVariantGroup section */
		B58656081B53B66100DCDCB2 /* Main.storyboard */ = {
			isa = PBXVariantGroup;
			children = (
				B58656091B53B66100DCDCB2 /* Base */,
			);
			name = Main.storyboard;
			sourceTree = "<group>";
		};
		B586560D1B53B66100DCDCB2 /* LaunchScreen.xib */ = {
			isa = PBXVariantGroup;
			children = (
				B586560E1B53B66100DCDCB2 /* Base */,
			);
			name = LaunchScreen.xib;
			sourceTree = "<group>";
		};
/* End PBXVariantGroup section */

/* Begin XCBuildConfiguration section */
		B586561C1B53B66100DCDCB2 /* Debug */ = {
			isa = XCBuildConfiguration;
			buildSettings = {
				ALWAYS_SEARCH_USER_PATHS = NO;
				CLANG_CXX_LANGUAGE_STANDARD = "gnu++0x";
				CLANG_CXX_LIBRARY = "libc++";
				CLANG_ENABLE_MODULES = YES;
				CLANG_ENABLE_OBJC_ARC = YES;
				CLANG_WARN_BOOL_CONVERSION = YES;
				CLANG_WARN_CONSTANT_CONVERSION = YES;
				CLANG_WARN_DIRECT_OBJC_ISA_USAGE = YES_ERROR;
				CLANG_WARN_EMPTY_BODY = YES;
				CLANG_WARN_ENUM_CONVERSION = YES;
				CLANG_WARN_INT_CONVERSION = YES;
				CLANG_WARN_OBJC_ROOT_CLASS = YES_ERROR;
				CLANG_WARN_UNREACHABLE_CODE = YES;
				CLANG_WARN__DUPLICATE_METHOD_MATCH = YES;
				"CODE_SIGN_IDENTITY[sdk=iphoneos*]" = "iPhone Developer";
				COPY_PHASE_STRIP = NO;
				DEBUG_INFORMATION_FORMAT = "dwarf-with-dsym";
				ENABLE_STRICT_OBJC_MSGSEND = YES;
				GCC_C_LANGUAGE_STANDARD = gnu99;
				GCC_DYNAMIC_NO_PIC = NO;
				GCC_NO_COMMON_BLOCKS = YES;
				GCC_OPTIMIZATION_LEVEL = 0;
				GCC_PREPROCESSOR_DEFINITIONS = (
					"DEBUG=1",
					"$(inherited)",
				);
				GCC_SYMBOLS_PRIVATE_EXTERN = NO;
				GCC_WARN_64_TO_32_BIT_CONVERSION = YES;
				GCC_WARN_ABOUT_RETURN_TYPE = YES_ERROR;
				GCC_WARN_UNDECLARED_SELECTOR = YES;
				GCC_WARN_UNINITIALIZED_AUTOS = YES_AGGRESSIVE;
				GCC_WARN_UNUSED_FUNCTION = YES;
				GCC_WARN_UNUSED_VARIABLE = YES;
				IPHONEOS_DEPLOYMENT_TARGET = 8.4;
				MTL_ENABLE_DEBUG_INFO = YES;
				ONLY_ACTIVE_ARCH = YES;
				SDKROOT = iphoneos;
			};
			name = Debug;
		};
		B586561D1B53B66100DCDCB2 /* Release */ = {
			isa = XCBuildConfiguration;
			buildSettings = {
				ALWAYS_SEARCH_USER_PATHS = NO;
				CLANG_CXX_LANGUAGE_STANDARD = "gnu++0x";
				CLANG_CXX_LIBRARY = "libc++";
				CLANG_ENABLE_MODULES = YES;
				CLANG_ENABLE_OBJC_ARC = YES;
				CLANG_WARN_BOOL_CONVERSION = YES;
				CLANG_WARN_CONSTANT_CONVERSION = YES;
				CLANG_WARN_DIRECT_OBJC_ISA_USAGE = YES_ERROR;
				CLANG_WARN_EMPTY_BODY = YES;
				CLANG_WARN_ENUM_CONVERSION = YES;
				CLANG_WARN_INT_CONVERSION = YES;
				CLANG_WARN_OBJC_ROOT_CLASS = YES_ERROR;
				CLANG_WARN_UNREACHABLE_CODE = YES;
				CLANG_WARN__DUPLICATE_METHOD_MATCH = YES;
				"CODE_SIGN_IDENTITY[sdk=iphoneos*]" = "iPhone Developer";
				COPY_PHASE_STRIP = NO;
				DEBUG_INFORMATION_FORMAT = "dwarf-with-dsym";
				ENABLE_NS_ASSERTIONS = NO;
				ENABLE_STRICT_OBJC_MSGSEND = YES;
				GCC_C_LANGUAGE_STANDARD = gnu99;
				GCC_NO_COMMON_BLOCKS = YES;
				GCC_WARN_64_TO_32_BIT_CONVERSION = YES;
				GCC_WARN_ABOUT_RETURN_TYPE = YES_ERROR;
				GCC_WARN_UNDECLARED_SELECTOR = YES;
				GCC_WARN_UNINITIALIZED_AUTOS = YES_AGGRESSIVE;
				GCC_WARN_UNUSED_FUNCTION = YES;
				GCC_WARN_UNUSED_VARIABLE = YES;
				IPHONEOS_DEPLOYMENT_TARGET = 8.4;
				MTL_ENABLE_DEBUG_INFO = NO;
				SDKROOT = iphoneos;
				VALIDATE_PRODUCT = YES;
			};
			name = Release;
		};
		B586561F1B53B66100DCDCB2 /* Debug */ = {
			isa = XCBuildConfiguration;
			baseConfigurationReference = 9B09268F2540CA86380C2649 /* Pods-SuperjobExample.debug.xcconfig */;
			buildSettings = {
				ASSETCATALOG_COMPILER_APPICON_NAME = AppIcon;
				INFOPLIST_FILE = SuperjobExample/Info.plist;
				LD_RUNPATH_SEARCH_PATHS = "$(inherited) @executable_path/Frameworks";
				PRODUCT_NAME = "$(TARGET_NAME)";
			};
			name = Debug;
		};
		B58656201B53B66100DCDCB2 /* Release */ = {
			isa = XCBuildConfiguration;
			baseConfigurationReference = 7A6BB5D4ED2A1D2614A13FE1 /* Pods-SuperjobExample.release.xcconfig */;
			buildSettings = {
				ASSETCATALOG_COMPILER_APPICON_NAME = AppIcon;
				INFOPLIST_FILE = SuperjobExample/Info.plist;
				LD_RUNPATH_SEARCH_PATHS = "$(inherited) @executable_path/Frameworks";
				PRODUCT_NAME = "$(TARGET_NAME)";
			};
			name = Release;
		};
		B58656221B53B66100DCDCB2 /* Debug */ = {
			isa = XCBuildConfiguration;
			baseConfigurationReference = 5515E73FAEDBEC35E1FF3898 /* Pods-SuperjobExampleTests.debug.xcconfig */;
			buildSettings = {
				BUNDLE_LOADER = "$(TEST_HOST)";
				FRAMEWORK_SEARCH_PATHS = (
					"$(SDKROOT)/Developer/Library/Frameworks",
					"$(inherited)",
				);
				GCC_PREPROCESSOR_DEFINITIONS = (
					"DEBUG=1",
					"$(inherited)",
				);
				INFOPLIST_FILE = SuperjobExampleTests/Info.plist;
				LD_RUNPATH_SEARCH_PATHS = "$(inherited) @executable_path/Frameworks @loader_path/Frameworks";
				PRODUCT_NAME = "$(TARGET_NAME)";
				TEST_HOST = "$(BUILT_PRODUCTS_DIR)/SuperjobExample.app/SuperjobExample";
			};
			name = Debug;
		};
		B58656231B53B66100DCDCB2 /* Release */ = {
			isa = XCBuildConfiguration;
			baseConfigurationReference = D773BF35B653FCA8C46D3711 /* Pods-SuperjobExampleTests.release.xcconfig */;
			buildSettings = {
				BUNDLE_LOADER = "$(TEST_HOST)";
				FRAMEWORK_SEARCH_PATHS = (
					"$(SDKROOT)/Developer/Library/Frameworks",
					"$(inherited)",
				);
				INFOPLIST_FILE = SuperjobExampleTests/Info.plist;
				LD_RUNPATH_SEARCH_PATHS = "$(inherited) @executable_path/Frameworks @loader_path/Frameworks";
				PRODUCT_NAME = "$(TARGET_NAME)";
				TEST_HOST = "$(BUILT_PRODUCTS_DIR)/SuperjobExample.app/SuperjobExample";
			};
			name = Release;
		};
/* End XCBuildConfiguration section */

/* Begin XCConfigurationList section */
		B58655F61B53B66000DCDCB2 /* Build configuration list for PBXProject "SuperjobExample" */ = {
			isa = XCConfigurationList;
			buildConfigurations = (
				B586561C1B53B66100DCDCB2 /* Debug */,
				B586561D1B53B66100DCDCB2 /* Release */,
			);
			defaultConfigurationIsVisible = 0;
			defaultConfigurationName = Release;
		};
		B586561E1B53B66100DCDCB2 /* Build configuration list for PBXNativeTarget "SuperjobExample" */ = {
			isa = XCConfigurationList;
			buildConfigurations = (
				B586561F1B53B66100DCDCB2 /* Debug */,
				B58656201B53B66100DCDCB2 /* Release */,
			);
			defaultConfigurationIsVisible = 0;
			defaultConfigurationName = Release;
		};
		B58656211B53B66100DCDCB2 /* Build configuration list for PBXNativeTarget "SuperjobExampleTests" */ = {
			isa = XCConfigurationList;
			buildConfigurations = (
				B58656221B53B66100DCDCB2 /* Debug */,
				B58656231B53B66100DCDCB2 /* Release */,
			);
			defaultConfigurationIsVisible = 0;
			defaultConfigurationName = Release;
		};
/* End XCConfigurationList section */
	};
	rootObject = B58655F31B53B66000DCDCB2 /* Project object */;
}
