// !$*UTF8*$!
{
	archiveVersion = 1;
	classes = {
	};
	objectVersion = 46;
	objects = {

/* Begin PBXBuildFile section */
		B58656011B53B66100DCDCB2 /* main.m in Sources */ = {isa = PBXBuildFile; fileRef = B58656001B53B66100DCDCB2 /* main.m */; };
		B58656041B53B66100DCDCB2 /* AppDelegate.m in Sources */ = {isa = PBXBuildFile; fileRef = B58656031B53B66100DCDCB2 /* AppDelegate.m */; };
		B58656071B53B66100DCDCB2 /* ViewController.m in Sources */ = {isa = PBXBuildFile; fileRef = B58656061B53B66100DCDCB2 /* ViewController.m */; };
		B586560A1B53B66100DCDCB2 /* Main.storyboard in Resources */ = {isa = PBXBuildFile; fileRef = B58656081B53B66100DCDCB2 /* Main.storyboard */; };
		B586560C1B53B66100DCDCB2 /* Images.xcassets in Resources */ = {isa = PBXBuildFile; fileRef = B586560B1B53B66100DCDCB2 /* Images.xcassets */; };
		B586560F1B53B66100DCDCB2 /* LaunchScreen.xib in Resources */ = {isa = PBXBuildFile; fileRef = B586560D1B53B66100DCDCB2 /* LaunchScreen.xib */; };
		B586561B1B53B66100DCDCB2 /* SuperjobExampleTests.m in Sources */ = {isa = PBXBuildFile; fileRef = B586561A1B53B66100DCDCB2 /* SuperjobExampleTests.m */; };
/* End PBXBuildFile section */

/* Begin PBXContainerItemProxy section */
		B58656151B53B66100DCDCB2 /* PBXContainerItemProxy */ = {
			isa = PBXContainerItemProxy;
			containerPortal = B58655F31B53B66000DCDCB2 /* Project object */;
			proxyType = 1;
			remoteGlobalIDString = B58655FA1B53B66100DCDCB2;
			remoteInfo = SuperjobExample;
		};
/* End PBXContainerItemProxy section */

/* Begin PBXFileReference section */
		B58655FB1B53B66100DCDCB2 /* SuperjobExample.app */ = {isa = PBXFileReference; explicitFileType = wrapper.application; includeInIndex = 0; path = SuperjobExample.app; sourceTree = BUILT_PRODUCTS_DIR; };
		B58655FF1B53B66100DCDCB2 /* Info.plist */ = {isa = PBXFileReference; lastKnownFileType = text.plist.xml; path = Info.plist; sourceTree = "<group>"; };
		B58656001B53B66100DCDCB2 /* main.m */ = {isa = PBXFileReference; lastKnownFileType = sourcecode.c.objc; path = main.m; sourceTree = "<group>"; };
		B58656021B53B66100DCDCB2 /* AppDelegate.h */ = {isa = PBXFileReference; lastKnownFileType = sourcecode.c.h; path = AppDelegate.h; sourceTree = "<group>"; };
		B58656031B53B66100DCDCB2 /* AppDelegate.m */ = {isa = PBXFileReference; lastKnownFileType = sourcecode.c.objc; path = AppDelegate.m; sourceTree = "<group>"; };
		B58656051B53B66100DCDCB2 /* ViewController.h */ = {isa = PBXFileReference; lastKnownFileType = sourcecode.c.h; path = ViewController.h; sourceTree = "<group>"; };
		B58656061B53B66100DCDCB2 /* ViewController.m */ = {isa = PBXFileReference; lastKnownFileType = sourcecode.c.objc; path = ViewController.m; sourceTree = "<group>"; };
		B58656091B53B66100DCDCB2 /* Base */ = {isa = PBXFileReference; lastKnownFileType = file.storyboard; name = Base; path = Base.lproj/Main.storyboard; sourceTree = "<group>"; };
		B586560B1B53B66100DCDCB2 /* Images.xcassets */ = {isa = PBXFileReference; lastKnownFileType = folder.assetcatalog; path = Images.xcassets; sourceTree = "<group>"; };
		B586560E1B53B66100DCDCB2 /* Base */ = {isa = PBXFileReference; lastKnownFileType = file.xib; name = Base; path = Base.lproj/LaunchScreen.xib; sourceTree = "<group>"; };
		B58656141B53B66100DCDCB2 /* SuperjobExampleTests.xctest */ = {isa = PBXFileReference; explicitFileType = wrapper.cfbundle; includeInIndex = 0; path = SuperjobExampleTests.xctest; sourceTree = BUILT_PRODUCTS_DIR; };
		B58656191B53B66100DCDCB2 /* Info.plist */ = {isa = PBXFileReference; lastKnownFileType = text.plist.xml; path = Info.plist; sourceTree = "<group>"; };
		B586561A1B53B66100DCDCB2 /* SuperjobExampleTests.m */ = {isa = PBXFileReference; lastKnownFileType = sourcecode.c.objc; path = SuperjobExampleTests.m; sourceTree = "<group>"; };
/* End PBXFileReference section */

/* Begin PBXFrameworksBuildPhase section */
		B58655F81B53B66100DCDCB2 /* Frameworks */ = {
			isa = PBXFrameworksBuildPhase;
			buildActionMask = 2147483647;
			files = (
			);
			runOnlyForDeploymentPostprocessing = 0;
		};
		B58656111B53B66100DCDCB2 /* Frameworks */ = {
			isa = PBXFrameworksBuildPhase;
			buildActionMask = 2147483647;
			files = (
			);
			runOnlyForDeploymentPostprocessing = 0;
		};
/* End PBXFrameworksBuildPhase section */

/* Begin PBXGroup section */
		B58655F21B53B66000DCDCB2 = {
			isa = PBXGroup;
			children = (
				B58655FD1B53B66100DCDCB2 /* SuperjobExample */,
				B58656171B53B66100DCDCB2 /* SuperjobExampleTests */,
				B58655FC1B53B66100DCDCB2 /* Products */,
			);
			sourceTree = "<group>";
		};
		B58655FC1B53B66100DCDCB2 /* Products */ = {
			isa = PBXGroup;
			children = (
				B58655FB1B53B66100DCDCB2 /* SuperjobExample.app */,
				B58656141B53B66100DCDCB2 /* SuperjobExampleTests.xctest */,
			);
			name = Products;
			sourceTree = "<group>";
		};
		B58655FD1B53B66100DCDCB2 /* SuperjobExample */ = {
			isa = PBXGroup;
			children = (
				B58656021B53B66100DCDCB2 /* AppDelegate.h */,
				B58656031B53B66100DCDCB2 /* AppDelegate.m */,
				B58656051B53B66100DCDCB2 /* ViewController.h */,
				B58656061B53B66100DCDCB2 /* ViewController.m */,
				B58656081B53B66100DCDCB2 /* Main.storyboard */,
				B586560B1B53B66100DCDCB2 /* Images.xcassets */,
				B586560D1B53B66100DCDCB2 /* LaunchScreen.xib */,
				B58655FE1B53B66100DCDCB2 /* Supporting Files */,
			);
			path = SuperjobExample;
			sourceTree = "<group>";
		};
		B58655FE1B53B66100DCDCB2 /* Supporting Files */ = {
			isa = PBXGroup;
			children = (
				B58655FF1B53B66100DCDCB2 /* Info.plist */,
				B58656001B53B66100DCDCB2 /* main.m */,
			);
			name = "Supporting Files";
			sourceTree = "<group>";
		};
		B58656171B53B66100DCDCB2 /* SuperjobExampleTests */ = {
			isa = PBXGroup;
			children = (
				B586561A1B53B66100DCDCB2 /* SuperjobExampleTests.m */,
				B58656181B53B66100DCDCB2 /* Supporting Files */,
			);
			path = SuperjobExampleTests;
			sourceTree = "<group>";
		};
		B58656181B53B66100DCDCB2 /* Supporting Files */ = {
			isa = PBXGroup;
			children = (
				B58656191B53B66100DCDCB2 /* Info.plist */,
			);
			name = "Supporting Files";
			sourceTree = "<group>";
		};
/* End PBXGroup section */

/* Begin PBXNativeTarget section */
		B58655FA1B53B66100DCDCB2 /* SuperjobExample */ = {
			isa = PBXNativeTarget;
			buildConfigurationList = B586561E1B53B66100DCDCB2 /* Build configuration list for PBXNativeTarget "SuperjobExample" */;
			buildPhases = (
				B58655F71B53B66100DCDCB2 /* Sources */,
				B58655F81B53B66100DCDCB2 /* Frameworks */,
				B58655F91B53B66100DCDCB2 /* Resources */,
			);
			buildRules = (
			);
			dependencies = (
			);
			name = SuperjobExample;
			productName = SuperjobExample;
			productReference = B58655FB1B53B66100DCDCB2 /* SuperjobExample.app */;
			productType = "com.apple.product-type.application";
		};
		B58656131B53B66100DCDCB2 /* SuperjobExampleTests */ = {
			isa = PBXNativeTarget;
			buildConfigurationList = B58656211B53B66100DCDCB2 /* Build configuration list for PBXNativeTarget "SuperjobExampleTests" */;
			buildPhases = (
				B58656101B53B66100DCDCB2 /* Sources */,
				B58656111B53B66100DCDCB2 /* Frameworks */,
				B58656121B53B66100DCDCB2 /* Resources */,
			);
			buildRules = (
			);
			dependencies = (
				B58656161B53B66100DCDCB2 /* PBXTargetDependency */,
			);
			name = SuperjobExampleTests;
			productName = SuperjobExampleTests;
			productReference = B58656141B53B66100DCDCB2 /* SuperjobExampleTests.xctest */;
			productType = "com.apple.product-type.bundle.unit-test";
		};
/* End PBXNativeTarget section */

/* Begin PBXProject section */
		B58655F31B53B66000DCDCB2 /* Project object */ = {
			isa = PBXProject;
			attributes = {
				LastUpgradeCheck = 0640;
				ORGANIZATIONNAME = Superjob.ru;
				TargetAttributes = {
					B58655FA1B53B66100DCDCB2 = {
						CreatedOnToolsVersion = 6.4;
					};
					B58656131B53B66100DCDCB2 = {
						CreatedOnToolsVersion = 6.4;
						TestTargetID = B58655FA1B53B66100DCDCB2;
					};
				};
			};
			buildConfigurationList = B58655F61B53B66000DCDCB2 /* Build configuration list for PBXProject "SuperjobExample" */;
			compatibilityVersion = "Xcode 3.2";
			developmentRegion = English;
			hasScannedForEncodings = 0;
			knownRegions = (
				en,
				Base,
			);
			mainGroup = B58655F21B53B66000DCDCB2;
			productRefGroup = B58655FC1B53B66100DCDCB2 /* Products */;
			projectDirPath = "";
			projectRoot = "";
			targets = (
				B58655FA1B53B66100DCDCB2 /* SuperjobExample */,
				B58656131B53B66100DCDCB2 /* SuperjobExampleTests */,
			);
		};
/* End PBXProject section */

/* Begin PBXResourcesBuildPhase section */
		B58655F91B53B66100DCDCB2 /* Resources */ = {
			isa = PBXResourcesBuildPhase;
			buildActionMask = 2147483647;
			files = (
				B586560A1B53B66100DCDCB2 /* Main.storyboard in Resources */,
				B586560F1B53B66100DCDCB2 /* LaunchScreen.xib in Resources */,
				B586560C1B53B66100DCDCB2 /* Images.xcassets in Resources */,
			);
			runOnlyForDeploymentPostprocessing = 0;
		};
		B58656121B53B66100DCDCB2 /* Resources */ = {
			isa = PBXResourcesBuildPhase;
			buildActionMask = 2147483647;
			files = (
			);
			runOnlyForDeploymentPostprocessing = 0;
		};
/* End PBXResourcesBuildPhase section */

/* Begin PBXSourcesBuildPhase section */
		B58655F71B53B66100DCDCB2 /* Sources */ = {
			isa = PBXSourcesBuildPhase;
			buildActionMask = 2147483647;
			files = (
				B58656071B53B66100DCDCB2 /* ViewController.m in Sources */,
				B58656041B53B66100DCDCB2 /* AppDelegate.m in Sources */,
				B58656011B53B66100DCDCB2 /* main.m in Sources */,
			);
			runOnlyForDeploymentPostprocessing = 0;
		};
		B58656101B53B66100DCDCB2 /* Sources */ = {
			isa = PBXSourcesBuildPhase;
			buildActionMask = 2147483647;
			files = (
				B586561B1B53B66100DCDCB2 /* SuperjobExampleTests.m in Sources */,
			);
			runOnlyForDeploymentPostprocessing = 0;
		};
/* End PBXSourcesBuildPhase section */

/* Begin PBXTargetDependency section */
		B58656161B53B66100DCDCB2 /* PBXTargetDependency */ = {
			isa = PBXTargetDependency;
			target = B58655FA1B53B66100DCDCB2 /* SuperjobExample */;
			targetProxy = B58656151B53B66100DCDCB2 /* PBXContainerItemProxy */;
		};
/* End PBXTargetDependency section */

/* Begin PBXVariantGroup section */
		B58656081B53B66100DCDCB2 /* Main.storyboard */ = {
			isa = PBXVariantGroup;
			children = (
				B58656091B53B66100DCDCB2 /* Base */,
			);
			name = Main.storyboard;
			sourceTree = "<group>";
		};
		B586560D1B53B66100DCDCB2 /* LaunchScreen.xib */ = {
			isa = PBXVariantGroup;
			children = (
				B586560E1B53B66100DCDCB2 /* Base */,
			);
			name = LaunchScreen.xib;
			sourceTree = "<group>";
		};
/* End PBXVariantGroup section */

/* Begin XCBuildConfiguration section */
		B586561C1B53B66100DCDCB2 /* Debug */ = {
			isa = XCBuildConfiguration;
			buildSettings = {
				ALWAYS_SEARCH_USER_PATHS = NO;
				CLANG_CXX_LANGUAGE_STANDARD = "gnu++0x";
				CLANG_CXX_LIBRARY = "libc++";
				CLANG_ENABLE_MODULES = YES;
				CLANG_ENABLE_OBJC_ARC = YES;
				CLANG_WARN_BOOL_CONVERSION = YES;
				CLANG_WARN_CONSTANT_CONVERSION = YES;
				CLANG_WARN_DIRECT_OBJC_ISA_USAGE = YES_ERROR;
				CLANG_WARN_EMPTY_BODY = YES;
				CLANG_WARN_ENUM_CONVERSION = YES;
				CLANG_WARN_INT_CONVERSION = YES;
				CLANG_WARN_OBJC_ROOT_CLASS = YES_ERROR;
				CLANG_WARN_UNREACHABLE_CODE = YES;
				CLANG_WARN__DUPLICATE_METHOD_MATCH = YES;
				"CODE_SIGN_IDENTITY[sdk=iphoneos*]" = "iPhone Developer";
				COPY_PHASE_STRIP = NO;
				DEBUG_INFORMATION_FORMAT = "dwarf-with-dsym";
				ENABLE_STRICT_OBJC_MSGSEND = YES;
				GCC_C_LANGUAGE_STANDARD = gnu99;
				GCC_DYNAMIC_NO_PIC = NO;
				GCC_NO_COMMON_BLOCKS = YES;
				GCC_OPTIMIZATION_LEVEL = 0;
				GCC_PREPROCESSOR_DEFINITIONS = (
					"DEBUG=1",
					"$(inherited)",
				);
				GCC_SYMBOLS_PRIVATE_EXTERN = NO;
				GCC_WARN_64_TO_32_BIT_CONVERSION = YES;
				GCC_WARN_ABOUT_RETURN_TYPE = YES_ERROR;
				GCC_WARN_UNDECLARED_SELECTOR = YES;
				GCC_WARN_UNINITIALIZED_AUTOS = YES_AGGRESSIVE;
				GCC_WARN_UNUSED_FUNCTION = YES;
				GCC_WARN_UNUSED_VARIABLE = YES;
				IPHONEOS_DEPLOYMENT_TARGET = 8.4;
				MTL_ENABLE_DEBUG_INFO = YES;
				ONLY_ACTIVE_ARCH = YES;
				SDKROOT = iphoneos;
			};
			name = Debug;
		};
		B586561D1B53B66100DCDCB2 /* Release */ = {
			isa = XCBuildConfiguration;
			buildSettings = {
				ALWAYS_SEARCH_USER_PATHS = NO;
				CLANG_CXX_LANGUAGE_STANDARD = "gnu++0x";
				CLANG_CXX_LIBRARY = "libc++";
				CLANG_ENABLE_MODULES = YES;
				CLANG_ENABLE_OBJC_ARC = YES;
				CLANG_WARN_BOOL_CONVERSION = YES;
				CLANG_WARN_CONSTANT_CONVERSION = YES;
				CLANG_WARN_DIRECT_OBJC_ISA_USAGE = YES_ERROR;
				CLANG_WARN_EMPTY_BODY = YES;
				CLANG_WARN_ENUM_CONVERSION = YES;
				CLANG_WARN_INT_CONVERSION = YES;
				CLANG_WARN_OBJC_ROOT_CLASS = YES_ERROR;
				CLANG_WARN_UNREACHABLE_CODE = YES;
				CLANG_WARN__DUPLICATE_METHOD_MATCH = YES;
				"CODE_SIGN_IDENTITY[sdk=iphoneos*]" = "iPhone Developer";
				COPY_PHASE_STRIP = NO;
				DEBUG_INFORMATION_FORMAT = "dwarf-with-dsym";
				ENABLE_NS_ASSERTIONS = NO;
				ENABLE_STRICT_OBJC_MSGSEND = YES;
				GCC_C_LANGUAGE_STANDARD = gnu99;
				GCC_NO_COMMON_BLOCKS = YES;
				GCC_WARN_64_TO_32_BIT_CONVERSION = YES;
				GCC_WARN_ABOUT_RETURN_TYPE = YES_ERROR;
				GCC_WARN_UNDECLARED_SELECTOR = YES;
				GCC_WARN_UNINITIALIZED_AUTOS = YES_AGGRESSIVE;
				GCC_WARN_UNUSED_FUNCTION = YES;
				GCC_WARN_UNUSED_VARIABLE = YES;
				IPHONEOS_DEPLOYMENT_TARGET = 8.4;
				MTL_ENABLE_DEBUG_INFO = NO;
				SDKROOT = iphoneos;
				VALIDATE_PRODUCT = YES;
			};
			name = Release;
		};
		B586561F1B53B66100DCDCB2 /* Debug */ = {
			isa = XCBuildConfiguration;
			buildSettings = {
				ASSETCATALOG_COMPILER_APPICON_NAME = AppIcon;
				INFOPLIST_FILE = SuperjobExample/Info.plist;
				LD_RUNPATH_SEARCH_PATHS = "$(inherited) @executable_path/Frameworks";
				PRODUCT_NAME = "$(TARGET_NAME)";
			};
			name = Debug;
		};
		B58656201B53B66100DCDCB2 /* Release */ = {
			isa = XCBuildConfiguration;
			buildSettings = {
				ASSETCATALOG_COMPILER_APPICON_NAME = AppIcon;
				INFOPLIST_FILE = SuperjobExample/Info.plist;
				LD_RUNPATH_SEARCH_PATHS = "$(inherited) @executable_path/Frameworks";
				PRODUCT_NAME = "$(TARGET_NAME)";
			};
			name = Release;
		};
		B58656221B53B66100DCDCB2 /* Debug */ = {
			isa = XCBuildConfiguration;
			buildSettings = {
				BUNDLE_LOADER = "$(TEST_HOST)";
				FRAMEWORK_SEARCH_PATHS = (
					"$(SDKROOT)/Developer/Library/Frameworks",
					"$(inherited)",
				);
				GCC_PREPROCESSOR_DEFINITIONS = (
					"DEBUG=1",
					"$(inherited)",
				);
				INFOPLIST_FILE = SuperjobExampleTests/Info.plist;
				LD_RUNPATH_SEARCH_PATHS = "$(inherited) @executable_path/Frameworks @loader_path/Frameworks";
				PRODUCT_NAME = "$(TARGET_NAME)";
				TEST_HOST = "$(BUILT_PRODUCTS_DIR)/SuperjobExample.app/SuperjobExample";
			};
			name = Debug;
		};
		B58656231B53B66100DCDCB2 /* Release */ = {
			isa = XCBuildConfiguration;
			buildSettings = {
				BUNDLE_LOADER = "$(TEST_HOST)";
				FRAMEWORK_SEARCH_PATHS = (
					"$(SDKROOT)/Developer/Library/Frameworks",
					"$(inherited)",
				);
				INFOPLIST_FILE = SuperjobExampleTests/Info.plist;
				LD_RUNPATH_SEARCH_PATHS = "$(inherited) @executable_path/Frameworks @loader_path/Frameworks";
				PRODUCT_NAME = "$(TARGET_NAME)";
				TEST_HOST = "$(BUILT_PRODUCTS_DIR)/SuperjobExample.app/SuperjobExample";
			};
			name = Release;
		};
/* End XCBuildConfiguration section */

/* Begin XCConfigurationList section */
		B58655F61B53B66000DCDCB2 /* Build configuration list for PBXProject "SuperjobExample" */ = {
			isa = XCConfigurationList;
			buildConfigurations = (
				B586561C1B53B66100DCDCB2 /* Debug */,
				B586561D1B53B66100DCDCB2 /* Release */,
			);
			defaultConfigurationIsVisible = 0;
			defaultConfigurationName = Release;
		};
		B586561E1B53B66100DCDCB2 /* Build configuration list for PBXNativeTarget "SuperjobExample" */ = {
			isa = XCConfigurationList;
			buildConfigurations = (
				B586561F1B53B66100DCDCB2 /* Debug */,
				B58656201B53B66100DCDCB2 /* Release */,
			);
			defaultConfigurationIsVisible = 0;
		};
		B58656211B53B66100DCDCB2 /* Build configuration list for PBXNativeTarget "SuperjobExampleTests" */ = {
			isa = XCConfigurationList;
			buildConfigurations = (
				B58656221B53B66100DCDCB2 /* Debug */,
				B58656231B53B66100DCDCB2 /* Release */,
			);
			defaultConfigurationIsVisible = 0;
		};
/* End XCConfigurationList section */
	};
	rootObject = B58655F31B53B66000DCDCB2 /* Project object */;
}
