<?xml version="1.0" encoding="UTF-8"?>
<Scheme
   version = "1.3">
   <BuildAction>
      <BuildActionEntries>
         <BuildActionEntry
            buildForRunning = "YES"
            buildForTesting = "YES">
            <BuildableReference
               BuildableIdentifier = "primary"
               BlueprintIdentifier = "B58656131B53B66100DCDCB2"
               BuildableName = "SuperjobExampleTests.xctest"
               BlueprintName = "SuperjobExampleTests"
               ReferencedContainer = "container:SuperjobExample.xcodeproj">
            </BuildableReference>
         </BuildActionEntry>
      </BuildActionEntries>
   </BuildAction>
   <TestAction
      buildConfiguration = "Debug">
      <Testables>
         <TestableReference>
            <BuildableReference
               BuildableIdentifier = "primary"
               BlueprintIdentifier = "B58656131B53B66100DCDCB2"
               BuildableName = "SuperjobExampleTests.xctest"
               BlueprintName = "SuperjobExampleTests"
               ReferencedContainer = "container:SuperjobExample.xcodeproj">
            </BuildableReference>
         </TestableReference>
      </Testables>
   </TestAction>
   <LaunchAction
      useCustomWorkingDirectory = "NO">
   </LaunchAction>
</Scheme>
